Microsoft Visual Studio Solution File, Format Version 12.00
# Visual Studio Version 17
VisualStudioVersion = 17.5.2.0
MinimumVisualStudioVersion = 10.0.40219.1
Project("{2150E333-8FDC-42A3-9474-1A3956D46DE8}") = "c-sharp", "c-sharp", "{8DD2837E-F460-30ED-8E5F-5B31E8047072}"
EndProject
Project("{FAE04EC0-301F-11D3-BF4B-00C04F79EFBC}") = "HelloWorldApp", "c-sharp\HelloWorldApp\HelloWorldApp.csproj", "{2B74B328-7D0D-AD92-B78A-B65B13B3B2BA}"
EndProject
Global
	GlobalSection(SolutionConfigurationPlatforms) = preSolution
		Debug|Any CPU = Debug|Any CPU
		Release|Any CPU = Release|Any CPU
	EndGlobalSection
	GlobalSection(ProjectConfigurationPlatforms) = postSolution
		{2B74B328-7D0D-AD92-B78A-B65B13B3B2BA}.Debug|Any CPU.ActiveCfg = Debug|Any CPU
		{2B74B328-7D0D-AD92-B78A-B65B13B3B2BA}.Debug|Any CPU.Build.0 = Debug|Any CPU
		{2B74B328-7D0D-AD92-B78A-B65B13B3B2BA}.Release|Any CPU.ActiveCfg = Release|Any CPU
		{2B74B328-7D0D-AD92-B78A-B65B13B3B2BA}.Release|Any CPU.Build.0 = Release|Any CPU
	EndGlobalSection
	GlobalSection(SolutionProperties) = preSolution
		HideSolutionNode = FALSE
	EndGlobalSection
	GlobalSection(NestedProjects) = preSolution
		{2B74B328-7D0D-AD92-B78A-B65B13B3B2BA} = {8DD2837E-F460-30ED-8E5F-5B31E8047072}
	EndGlobalSection
	GlobalSection(ExtensibilityGlobals) = postSolution
		SolutionGuid = {A9C1F789-7EB1-44C4-8497-C7AAA111A809}
	EndGlobalSection
EndGlobal
